{
  "name": "@hattrickltd/hattrick-components",
  "version": "0.0.28",
  "lockfileVersion": 1,
  "requires": true,
  "dependencies": {
    "@stencil/core": {
      "version": "1.0.0-alpha.12",
      "resolved": "https://registry.npmjs.org/@stencil/core/-/core-1.0.0-alpha.12.tgz",
      "integrity": "sha512-4ykEMDBE9XPr7y1rgTRNuYP9vv3i8PE4fkRXzz4ojWLci+NWt+ryQEdos75xCAeg5Z+S2aAbzIu+QZ+/xDRJ4g==",
      "dev": true,
      "requires": {
        "typescript": "3.4.4"
      }
    },
    "typescript": {
      "version": "3.4.4",
      "resolved": "https://registry.npmjs.org/typescript/-/typescript-3.4.4.tgz",
      "integrity": "sha512-xt5RsIRCEaf6+j9AyOBgvVuAec0i92rgCaS3S+UVf5Z/vF2Hvtsw08wtUTJqp4djwznoAgjSxeCcU4r+CcDBJA==",
      "dev": true
    }
  }
}
